github.com/Nhanderu/brdoc v1.1.2 h1:8omuNpCC+9FLhsATdigQxFyhed7sb2TVyJLVxUFDjWg=
github.com/Nhanderu/brdoc v1.1.2/go.mod h1:UQQw7zlNjQJFSGooYd+uq6QqLQ2G6jAHVaeGAXUgUlk=
gopkg.in/Nhanderu/brdoc.v1 v1.1.2 h1:7Y1T8cjWjaXac2eUMQMLnfnbq7H/vnFwV9bn8zWlHEw=
gopkg.in/Nhanderu/brdoc.v1 v1.1.2/go.mod h1:n3ng2hsAG82GTPKX3TVtw4FfGSTkdOMn7yEa1AEQNgs=
